Microsoft Visual Studio Solution File, Format Version 12.00
# Visual Studio Version 17
VisualStudioVersion = 17.5.2.0
MinimumVisualStudioVersion = 10.0.40219.1
Project("{2150E333-8FDC-42A3-9474-1A3956D46DE8}") = "installer-src", "installer-src", "{88B91F9E-E7F1-0A0C-17C3-2D58D5810DBA}"
EndProject
Project("{FAE04EC0-301F-11D3-BF4B-00C04F79EFBC}") = "GlobalcordInstaller", "installer-src\GlobalcordInstaller.csproj", "{000C55E5-42BE-8DDF-B92A-B8EBE052128D}"
EndProject
Global
	GlobalSection(SolutionConfigurationPlatforms) = preSolution
		Debug|Any CPU = Debug|Any CPU
		Release|Any CPU = Release|Any CPU
	EndGlobalSection
	GlobalSection(ProjectConfigurationPlatforms) = postSolution
		{000C55E5-42BE-8DDF-B92A-B8EBE052128D}.Debug|Any CPU.ActiveCfg = Debug|Any CPU
		{000C55E5-42BE-8DDF-B92A-B8EBE052128D}.Debug|Any CPU.Build.0 = Debug|Any CPU
		{000C55E5-42BE-8DDF-B92A-B8EBE052128D}.Release|Any CPU.ActiveCfg = Release|Any CPU
		{000C55E5-42BE-8DDF-B92A-B8EBE052128D}.Release|Any CPU.Build.0 = Release|Any CPU
	EndGlobalSection
	GlobalSection(SolutionProperties) = preSolution
		HideSolutionNode = FALSE
	EndGlobalSection
	GlobalSection(NestedProjects) = preSolution
		{000C55E5-42BE-8DDF-B92A-B8EBE052128D} = {88B91F9E-E7F1-0A0C-17C3-2D58D5810DBA}
	EndGlobalSection
	GlobalSection(ExtensibilityGlobals) = postSolution
		SolutionGuid = {BA65DD60-8C64-456F-9D4A-5ECA531EF7C7}
	EndGlobalSection
EndGlobal
